
Microsoft Visual Studio Solution File, Format Version 12.00
# Visual Studio 2012
Project("{FAE04EC0-301F-11D3-BF4B-00C04F79EFBC}") = "Pages", "Pages\Pages.csproj", "{C974257F-129D-443A-A7E8-121264F61E10}"
EndProject
Project("{FAE04EC0-301F-11D3-BF4B-00C04F79EFBC}") = "Pages.iOS", "iOS\Pages.iOS.csproj", "{9B6E5EAA-9AD7-4EDD-8F62-18EA5B8FE298}"
EndProject
Project("{FAE04EC0-301F-11D3-BF4B-00C04F79EFBC}") = "Pages.Droid", "Droid\Pages.Droid.csproj", "{EF54A490-4EAC-469D-96C0-99DA5C07405F}"
EndProject
Global
	GlobalSection(SolutionConfigurationPlatforms) = preSolution
		Debug|Any CPU = Debug|Any CPU
		Release|Any CPU = Release|Any CPU
		Debug|iPhoneSimulator = Debug|iPhoneSimulator
		Release|iPhone = Release|iPhone
		Release|iPhoneSimulator = Release|iPhoneSimulator
		Debug|iPhone = Debug|iPhone
	EndGlobalSection
	GlobalSection(ProjectConfigurationPlatforms) = postSolution
		{C974257F-129D-443A-A7E8-121264F61E10}.Debug|Any CPU.ActiveCfg = Debug|Any CPU
		{C974257F-129D-443A-A7E8-121264F61E10}.Debug|Any CPU.Build.0 = Debug|Any CPU
		{C974257F-129D-443A-A7E8-121264F61E10}.Release|Any CPU.ActiveCfg = Release|Any CPU
		{C974257F-129D-443A-A7E8-121264F61E10}.Release|Any CPU.Build.0 = Release|Any CPU
		{C974257F-129D-443A-A7E8-121264F61E10}.Debug|iPhoneSimulator.ActiveCfg = Debug|Any CPU
		{C974257F-129D-443A-A7E8-121264F61E10}.Debug|iPhoneSimulator.Build.0 = Debug|Any CPU
		{C974257F-129D-443A-A7E8-121264F61E10}.Release|iPhone.ActiveCfg = Release|Any CPU
		{C974257F-129D-443A-A7E8-121264F61E10}.Release|iPhone.Build.0 = Release|Any CPU
		{C974257F-129D-443A-A7E8-121264F61E10}.Release|iPhoneSimulator.ActiveCfg = Release|Any CPU
		{C974257F-129D-443A-A7E8-121264F61E10}.Release|iPhoneSimulator.Build.0 = Release|Any CPU
		{C974257F-129D-443A-A7E8-121264F61E10}.Debug|iPhone.ActiveCfg = Debug|Any CPU
		{C974257F-129D-443A-A7E8-121264F61E10}.Debug|iPhone.Build.0 = Debug|Any CPU
		{9B6E5EAA-9AD7-4EDD-8F62-18EA5B8FE298}.Debug|Any CPU.ActiveCfg = Debug|iPhoneSimulator
		{9B6E5EAA-9AD7-4EDD-8F62-18EA5B8FE298}.Debug|Any CPU.Build.0 = Debug|iPhoneSimulator
		{9B6E5EAA-9AD7-4EDD-8F62-18EA5B8FE298}.Release|Any CPU.ActiveCfg = Release|iPhone
		{9B6E5EAA-9AD7-4EDD-8F62-18EA5B8FE298}.Release|Any CPU.Build.0 = Release|iPhone
		{9B6E5EAA-9AD7-4EDD-8F62-18EA5B8FE298}.Debug|iPhoneSimulator.ActiveCfg = Debug|iPhoneSimulator
		{9B6E5EAA-9AD7-4EDD-8F62-18EA5B8FE298}.Debug|iPhoneSimulator.Build.0 = Debug|iPhoneSimulator
		{9B6E5EAA-9AD7-4EDD-8F62-18EA5B8FE298}.Release|iPhone.ActiveCfg = Release|iPhone
		{9B6E5EAA-9AD7-4EDD-8F62-18EA5B8FE298}.Release|iPhone.Build.0 = Release|iPhone
		{9B6E5EAA-9AD7-4EDD-8F62-18EA5B8FE298}.Release|iPhoneSimulator.ActiveCfg = Release|iPhoneSimulator
		{9B6E5EAA-9AD7-4EDD-8F62-18EA5B8FE298}.Release|iPhoneSimulator.Build.0 = Release|iPhoneSimulator
		{9B6E5EAA-9AD7-4EDD-8F62-18EA5B8FE298}.Debug|iPhone.ActiveCfg = Debug|iPhone
		{9B6E5EAA-9AD7-4EDD-8F62-18EA5B8FE298}.Debug|iPhone.Build.0 = Debug|iPhone
		{EF54A490-4EAC-469D-96C0-99DA5C07405F}.Debug|Any CPU.ActiveCfg = Debug|Any CPU
		{EF54A490-4EAC-469D-96C0-99DA5C07405F}.Debug|Any CPU.Build.0 = Debug|Any CPU
		{EF54A490-4EAC-469D-96C0-99DA5C07405F}.Release|Any CPU.ActiveCfg = Release|Any CPU
		{EF54A490-4EAC-469D-96C0-99DA5C07405F}.Release|Any CPU.Build.0 = Release|Any CPU
		{EF54A490-4EAC-469D-96C0-99DA5C07405F}.Debug|iPhoneSimulator.ActiveCfg = Debug|Any CPU
		{EF54A490-4EAC-469D-96C0-99DA5C07405F}.Debug|iPhoneSimulator.Build.0 = Debug|Any CPU
		{EF54A490-4EAC-469D-96C0-99DA5C07405F}.Release|iPhone.ActiveCfg = Release|Any CPU
		{EF54A490-4EAC-469D-96C0-99DA5C07405F}.Release|iPhone.Build.0 = Release|Any CPU
		{EF54A490-4EAC-469D-96C0-99DA5C07405F}.Release|iPhoneSimulator.ActiveCfg = Release|Any CPU
		{EF54A490-4EAC-469D-96C0-99DA5C07405F}.Release|iPhoneSimulator.Build.0 = Release|Any CPU
		{EF54A490-4EAC-469D-96C0-99DA5C07405F}.Debug|iPhone.ActiveCfg = Debug|Any CPU
		{EF54A490-4EAC-469D-96C0-99DA5C07405F}.Debug|iPhone.Build.0 = Debug|Any CPU
	EndGlobalSection
EndGlobal
